// !$*UTF8*$!
{
	archiveVersion = 1;
	classes = {
	};
	objectVersion = 50;
	objects = {

/* Begin PBXBuildFile section */
		84DDA4FF24D0C9F9007E078A /* AppDelegate.swift in Sources */ = {isa = PBXBuildFile; fileRef = 84DDA4FE24D0C9F9007E078A /* AppDelegate.swift */; };
		84DDA50124D0C9F9007E078A /* SceneDelegate.swift in Sources */ = {isa = PBXBuildFile; fileRef = 84DDA50024D0C9F9007E078A /* SceneDelegate.swift */; };
		84DDA50324D0C9F9007E078A /* ContentView.swift in Sources */ = {isa = PBXBuildFile; fileRef = 84DDA50224D0C9F9007E078A /* ContentView.swift */; };
		84DDA50524D0C9FA007E078A /* Assets.xcassets in Resources */ = {isa = PBXBuildFile; fileRef = 84DDA50424D0C9FA007E078A /* Assets.xcassets */; };
		84DDA50824D0C9FA007E078A /* Preview Assets.xcassets in Resources */ = {isa = PBXBuildFile; fileRef = 84DDA50724D0C9FA007E078A /* Preview Assets.xcassets */; };
		84DDA50B24D0C9FA007E078A /* LaunchScreen.storyboard in Resources */ = {isa = PBXBuildFile; fileRef = 84DDA50924D0C9FA007E078A /* LaunchScreen.storyboard */; };
		84DDA51624D0C9FB007E078A /* Project5WordScrambleTests.swift in Sources */ = {isa = PBXBuildFile; fileRef = 84DDA51524D0C9FB007E078A /* Project5WordScrambleTests.swift */; };
		84DDA52124D0CEC1007E078A /* start.txt in Resources */ = {isa = PBXBuildFile; fileRef = 84DDA52024D0CEC1007E078A /* start.txt */; };
/* End PBXBuildFile section */

/* Begin PBXContainerItemProxy section */
		84DDA51224D0C9FB007E078A /* PBXContainerItemProxy */ = {
			isa = PBXContainerItemProxy;
			containerPortal = 84DDA4F324D0C9F9007E078A /* Project object */;
			proxyType = 1;
			remoteGlobalIDString = 84DDA4FA24D0C9F9007E078A;
			remoteInfo = Project5WordScramble;
		};
/* End PBXContainerItemProxy section */

/* Begin PBXFileReference section */
		84DDA4FB24D0C9F9007E078A /* Project5WordScramble.app */ = {isa = PBXFileReference; explicitFileType = wrapper.application; includeInIndex = 0; path = Project5WordScramble.app; sourceTree = BUILT_PRODUCTS_DIR; };
		84DDA4FE24D0C9F9007E078A /* AppDelegate.swift */ = {isa = PBXFileReference; lastKnownFileType = sourcecode.swift; path = AppDelegate.swift; sourceTree = "<group>"; };
		84DDA50024D0C9F9007E078A /* SceneDelegate.swift */ = {isa = PBXFileReference; lastKnownFileType = sourcecode.swift; path = SceneDelegate.swift; sourceTree = "<group>"; };
		84DDA50224D0C9F9007E078A /* ContentView.swift */ = {isa = PBXFileReference; lastKnownFileType = sourcecode.swift; path = ContentView.swift; sourceTree = "<group>"; };
		84DDA50424D0C9FA007E078A /* Assets.xcassets */ = {isa = PBXFileReference; lastKnownFileType = folder.assetcatalog; path = Assets.xcassets; sourceTree = "<group>"; };
		84DDA50724D0C9FA007E078A /* Preview Assets.xcassets */ = {isa = PBXFileReference; lastKnownFileType = folder.assetcatalog; path = "Preview Assets.xcassets"; sourceTree = "<group>"; };
		84DDA50A24D0C9FA007E078A /* Base */ = {isa = PBXFileReference; lastKnownFileType = file.storyboard; name = Base; path = Base.lproj/LaunchScreen.storyboard; sourceTree = "<group>"; };
		84DDA50C24D0C9FA007E078A /* Info.plist */ = {isa = PBXFileReference; lastKnownFileType = text.plist.xml; path = Info.plist; sourceTree = "<group>"; };
		84DDA51124D0C9FB007E078A /* Project5WordScrambleTests.xctest */ = {isa = PBXFileReference; explicitFileType = wrapper.cfbundle; includeInIndex = 0; path = Project5WordScrambleTests.xctest; sourceTree = BUILT_PRODUCTS_DIR; };
		84DDA51524D0C9FB007E078A /* Project5WordScrambleTests.swift */ = {isa = PBXFileReference; lastKnownFileType = sourcecode.swift; path = Project5WordScrambleTests.swift; sourceTree = "<group>"; };
		84DDA51724D0C9FB007E078A /* Info.plist */ = {isa = PBXFileReference; lastKnownFileType = text.plist.xml; path = Info.plist; sourceTree = "<group>"; };
		84DDA52024D0CEC1007E078A /* start.txt */ = {isa = PBXFileReference; fileEncoding = 4; lastKnownFileType = text; path = start.txt; sourceTree = SOURCE_ROOT; };
/* End PBXFileReference section */

/* Begin PBXFrameworksBuildPhase section */
		84DDA4F824D0C9F9007E078A /* Frameworks */ = {
			isa = PBXFrameworksBuildPhase;
			buildActionMask = 2147483647;
			files = (
			);
			runOnlyForDeploymentPostprocessing = 0;
		};
		84DDA50E24D0C9FB007E078A /* Frameworks */ = {
			isa = PBXFrameworksBuildPhase;
			buildActionMask = 2147483647;
			files = (
			);
			runOnlyForDeploymentPostprocessing = 0;
		};
/* End PBXFrameworksBuildPhase section */

/* Begin PBXGroup section */
		84DDA4F224D0C9F9007E078A = {
			isa = PBXGroup;
			children = (
				84DDA4FD24D0C9F9007E078A /* Project5WordScramble */,
				84DDA51424D0C9FB007E078A /* Project5WordScrambleTests */,
				84DDA4FC24D0C9F9007E078A /* Products */,
			);
			sourceTree = "<group>";
		};
		84DDA4FC24D0C9F9007E078A /* Products */ = {
			isa = PBXGroup;
			children = (
				84DDA4FB24D0C9F9007E078A /* Project5WordScramble.app */,
				84DDA51124D0C9FB007E078A /* Project5WordScrambleTests.xctest */,
			);
			name = Products;
			sourceTree = "<group>";
		};
		84DDA4FD24D0C9F9007E078A /* Project5WordScramble */ = {
			isa = PBXGroup;
			children = (
				84DDA52024D0CEC1007E078A /* start.txt */,
				84DDA4FE24D0C9F9007E078A /* AppDelegate.swift */,
				84DDA50024D0C9F9007E078A /* SceneDelegate.swift */,
				84DDA50224D0C9F9007E078A /* ContentView.swift */,
				84DDA50424D0C9FA007E078A /* Assets.xcassets */,
				84DDA50924D0C9FA007E078A /* LaunchScreen.storyboard */,
				84DDA50C24D0C9FA007E078A /* Info.plist */,
				84DDA50624D0C9FA007E078A /* Preview Content */,
			);
			path = Project5WordScramble;
			sourceTree = "<group>";
		};
		84DDA50624D0C9FA007E078A /* Preview Content */ = {
			isa = PBXGroup;
			children = (
				84DDA50724D0C9FA007E078A /* Preview Assets.xcassets */,
			);
			path = "Preview Content";
			sourceTree = "<group>";
		};
		84DDA51424D0C9FB007E078A /* Project5WordScrambleTests */ = {
			isa = PBXGroup;
			children = (
				84DDA51524D0C9FB007E078A /* Project5WordScrambleTests.swift */,
				84DDA51724D0C9FB007E078A /* Info.plist */,
			);
			path = Project5WordScrambleTests;
			sourceTree = "<group>";
		};
/* End PBXGroup section */

/* Begin PBXNativeTarget section */
		84DDA4FA24D0C9F9007E078A /* Project5WordScramble */ = {
			isa = PBXNativeTarget;
			buildConfigurationList = 84DDA51A24D0C9FB007E078A /* Build configuration list for PBXNativeTarget "Project5WordScramble" */;
			buildPhases = (
				84DDA4F724D0C9F9007E078A /* Sources */,
				84DDA4F824D0C9F9007E078A /* Frameworks */,
				84DDA4F924D0C9F9007E078A /* Resources */,
			);
			buildRules = (
			);
			dependencies = (
			);
			name = Project5WordScramble;
			productName = Project5WordScramble;
			productReference = 84DDA4FB24D0C9F9007E078A /* Project5WordScramble.app */;
			productType = "com.apple.product-type.application";
		};
		84DDA51024D0C9FB007E078A /* Project5WordScrambleTests */ = {
			isa = PBXNativeTarget;
			buildConfigurationList = 84DDA51D24D0C9FB007E078A /* Build configuration list for PBXNativeTarget "Project5WordScrambleTests" */;
			buildPhases = (
				84DDA50D24D0C9FB007E078A /* Sources */,
				84DDA50E24D0C9FB007E078A /* Frameworks */,
				84DDA50F24D0C9FB007E078A /* Resources */,
			);
			buildRules = (
			);
			dependencies = (
				84DDA51324D0C9FB007E078A /* PBXTargetDependency */,
			);
			name = Project5WordScrambleTests;
			productName = Project5WordScrambleTests;
			productReference = 84DDA51124D0C9FB007E078A /* Project5WordScrambleTests.xctest */;
			productType = "com.apple.product-type.bundle.unit-test";
		};
/* End PBXNativeTarget section */

/* Begin PBXProject section */
		84DDA4F324D0C9F9007E078A /* Project object */ = {
			isa = PBXProject;
			attributes = {
				LastSwiftUpdateCheck = 1130;
				LastUpgradeCheck = 1130;
				ORGANIZATIONNAME = Technomystic;
				TargetAttributes = {
					84DDA4FA24D0C9F9007E078A = {
						CreatedOnToolsVersion = 11.3.1;
					};
					84DDA51024D0C9FB007E078A = {
						CreatedOnToolsVersion = 11.3.1;
						TestTargetID = 84DDA4FA24D0C9F9007E078A;
					};
				};
			};
			buildConfigurationList = 84DDA4F624D0C9F9007E078A /* Build configuration list for PBXProject "Project5WordScramble" */;
			compatibilityVersion = "Xcode 9.3";
			developmentRegion = en;
			hasScannedForEncodings = 0;
			knownRegions = (
				en,
				Base,
			);
			mainGroup = 84DDA4F224D0C9F9007E078A;
			productRefGroup = 84DDA4FC24D0C9F9007E078A /* Products */;
			projectDirPath = "";
			projectRoot = "";
			targets = (
				84DDA4FA24D0C9F9007E078A /* Project5WordScramble */,
				84DDA51024D0C9FB007E078A /* Project5WordScrambleTests */,
			);
		};
/* End PBXProject section */

/* Begin PBXResourcesBuildPhase section */
		84DDA4F924D0C9F9007E078A /* Resources */ = {
			isa = PBXResourcesBuildPhase;
			buildActionMask = 2147483647;
			files = (
				84DDA50B24D0C9FA007E078A /* LaunchScreen.storyboard in Resources */,
				84DDA52124D0CEC1007E078A /* start.txt in Resources */,
				84DDA50824D0C9FA007E078A /* Preview Assets.xcassets in Resources */,
				84DDA50524D0C9FA007E078A /* Assets.xcassets in Resources */,
			);
			runOnlyForDeploymentPostprocessing = 0;
		};
		84DDA50F24D0C9FB007E078A /* Resources */ = {
			isa = PBXResourcesBuildPhase;
			buildActionMask = 2147483647;
			files = (
			);
			runOnlyForDeploymentPostprocessing = 0;
		};
/* End PBXResourcesBuildPhase section */

/* Begin PBXSourcesBuildPhase section */
		84DDA4F724D0C9F9007E078A /* Sources */ = {
			isa = PBXSourcesBuildPhase;
			buildActionMask = 2147483647;
			files = (
				84DDA4FF24D0C9F9007E078A /* AppDelegate.swift in Sources */,
				84DDA50124D0C9F9007E078A /* SceneDelegate.swift in Sources */,
				84DDA50324D0C9F9007E078A /* ContentView.swift in Sources */,
			);
			runOnlyForDeploymentPostprocessing = 0;
		};
		84DDA50D24D0C9FB007E078A /* Sources */ = {
			isa = PBXSourcesBuildPhase;
			buildActionMask = 2147483647;
			files = (
				84DDA51624D0C9FB007E078A /* Project5WordScrambleTests.swift in Sources */,
			);
			runOnlyForDeploymentPostprocessing = 0;
		};
/* End PBXSourcesBuildPhase section */

/* Begin PBXTargetDependency section */
		84DDA51324D0C9FB007E078A /* PBXTargetDependency */ = {
			isa = PBXTargetDependency;
			target = 84DDA4FA24D0C9F9007E078A /* Project5WordScramble */;
			targetProxy = 84DDA51224D0C9FB007E078A /* PBXContainerItemProxy */;
		};
/* End PBXTargetDependency section */

/* Begin PBXVariantGroup section */
		84DDA50924D0C9FA007E078A /* LaunchScreen.storyboard */ = {
			isa = PBXVariantGroup;
			children = (
				84DDA50A24D0C9FA007E078A /* Base */,
			);
			name = LaunchScreen.storyboard;
			sourceTree = "<group>";
		};
/* End PBXVariantGroup section */

/* Begin XCBuildConfiguration section */
		84DDA51824D0C9FB007E078A /* Debug */ = {
			isa = XCBuildConfiguration;
			buildSettings = {
				ALWAYS_SEARCH_USER_PATHS = NO;
				CLANG_ANALYZER_NONNULL = YES;
				CLANG_ANALYZER_NUMBER_OBJECT_CONVERSION = YES_AGGRESSIVE;
				CLANG_CXX_LANGUAGE_STANDARD = "gnu++14";
				CLANG_CXX_LIBRARY = "libc++";
				CLANG_ENABLE_MODULES = YES;
				CLANG_ENABLE_OBJC_ARC = YES;
				CLANG_ENABLE_OBJC_WEAK = YES;
				CLANG_WARN_BLOCK_CAPTURE_AUTORELEASING = YES;
				CLANG_WARN_BOOL_CONVERSION = YES;
				CLANG_WARN_COMMA = YES;
				CLANG_WARN_CONSTANT_CONVERSION = YES;
				CLANG_WARN_DEPRECATED_OBJC_IMPLEMENTATIONS = YES;
				CLANG_WARN_DIRECT_OBJC_ISA_USAGE = YES_ERROR;
				CLANG_WARN_DOCUMENTATION_COMMENTS = YES;
				CLANG_WARN_EMPTY_BODY = YES;
				CLANG_WARN_ENUM_CONVERSION = YES;
				CLANG_WARN_INFINITE_RECURSION = YES;
				CLANG_WARN_INT_CONVERSION = YES;
				CLANG_WARN_NON_LITERAL_NULL_CONVERSION = YES;
				CLANG_WARN_OBJC_IMPLICIT_RETAIN_SELF = YES;
				CLANG_WARN_OBJC_LITERAL_CONVERSION = YES;
				CLANG_WARN_OBJC_ROOT_CLASS = YES_ERROR;
				CLANG_WARN_RANGE_LOOP_ANALYSIS = YES;
				CLANG_WARN_STRICT_PROTOTYPES = YES;
				CLANG_WARN_SUSPICIOUS_MOVE = YES;
				CLANG_WARN_UNGUARDED_AVAILABILITY = YES_AGGRESSIVE;
				CLANG_WARN_UNREACHABLE_CODE = YES;
				CLANG_WARN__DUPLICATE_METHOD_MATCH = YES;
				COPY_PHASE_STRIP = NO;
				DEBUG_INFORMATION_FORMAT = dwarf;
				ENABLE_STRICT_OBJC_MSGSEND = YES;
				ENABLE_TESTABILITY = YES;
				GCC_C_LANGUAGE_STANDARD = gnu11;
				GCC_DYNAMIC_NO_PIC = NO;
				GCC_NO_COMMON_BLOCKS = YES;
				GCC_OPTIMIZATION_LEVEL = 0;
				GCC_PREPROCESSOR_DEFINITIONS = (
					"DEBUG=1",
					"$(inherited)",
				);
				GCC_WARN_64_TO_32_BIT_CONVERSION = YES;
				GCC_WARN_ABOUT_RETURN_TYPE = YES_ERROR;
				GCC_WARN_UNDECLARED_SELECTOR = YES;
				GCC_WARN_UNINITIALIZED_AUTOS = YES_AGGRESSIVE;
				GCC_WARN_UNUSED_FUNCTION = YES;
				GCC_WARN_UNUSED_VARIABLE = YES;
				IPHONEOS_DEPLOYMENT_TARGET = 13.2;
				MTL_ENABLE_DEBUG_INFO = INCLUDE_SOURCE;
				MTL_FAST_MATH = YES;
				ONLY_ACTIVE_ARCH = YES;
				SDKROOT = iphoneos;
				SWIFT_ACTIVE_COMPILATION_CONDITIONS = DEBUG;
				SWIFT_OPTIMIZATION_LEVEL = "-Onone";
			};
			name = Debug;
		};
		84DDA51924D0C9FB007E078A /* Release */ = {
			isa = XCBuildConfiguration;
			buildSettings = {
				ALWAYS_SEARCH_USER_PATHS = NO;
				CLANG_ANALYZER_NONNULL = YES;
				CLANG_ANALYZER_NUMBER_OBJECT_CONVERSION = YES_AGGRESSIVE;
				CLANG_CXX_LANGUAGE_STANDARD = "gnu++14";
				CLANG_CXX_LIBRARY = "libc++";
				CLANG_ENABLE_MODULES = YES;
				CLANG_ENABLE_OBJC_ARC = YES;
				CLANG_ENABLE_OBJC_WEAK = YES;
				CLANG_WARN_BLOCK_CAPTURE_AUTORELEASING = YES;
				CLANG_WARN_BOOL_CONVERSION = YES;
				CLANG_WARN_COMMA = YES;
				CLANG_WARN_CONSTANT_CONVERSION = YES;
				CLANG_WARN_DEPRECATED_OBJC_IMPLEMENTATIONS = YES;
				CLANG_WARN_DIRECT_OBJC_ISA_USAGE = YES_ERROR;
				CLANG_WARN_DOCUMENTATION_COMMENTS = YES;
				CLANG_WARN_EMPTY_BODY = YES;
				CLANG_WARN_ENUM_CONVERSION = YES;
				CLANG_WARN_INFINITE_RECURSION = YES;
				CLANG_WARN_INT_CONVERSION = YES;
				CLANG_WARN_NON_LITERAL_NULL_CONVERSION = YES;
				CLANG_WARN_OBJC_IMPLICIT_RETAIN_SELF = YES;
				CLANG_WARN_OBJC_LITERAL_CONVERSION = YES;
				CLANG_WARN_OBJC_ROOT_CLASS = YES_ERROR;
				CLANG_WARN_RANGE_LOOP_ANALYSIS = YES;
				CLANG_WARN_STRICT_PROTOTYPES = YES;
				CLANG_WARN_SUSPICIOUS_MOVE = YES;
				CLANG_WARN_UNGUARDED_AVAILABILITY = YES_AGGRESSIVE;
				CLANG_WARN_UNREACHABLE_CODE = YES;
				CLANG_WARN__DUPLICATE_METHOD_MATCH = YES;
				COPY_PHASE_STRIP = NO;
				DEBUG_INFORMATION_FORMAT = "dwarf-with-dsym";
				ENABLE_NS_ASSERTIONS = NO;
				ENABLE_STRICT_OBJC_MSGSEND = YES;
				GCC_C_LANGUAGE_STANDARD = gnu11;
				GCC_NO_COMMON_BLOCKS = YES;
				GCC_WARN_64_TO_32_BIT_CONVERSION = YES;
				GCC_WARN_ABOUT_RETURN_TYPE = YES_ERROR;
				GCC_WARN_UNDECLARED_SELECTOR = YES;
				GCC_WARN_UNINITIALIZED_AUTOS = YES_AGGRESSIVE;
				GCC_WARN_UNUSED_FUNCTION = YES;
				GCC_WARN_UNUSED_VARIABLE = YES;
				IPHONEOS_DEPLOYMENT_TARGET = 13.2;
				MTL_ENABLE_DEBUG_INFO = NO;
				MTL_FAST_MATH = YES;
				SDKROOT = iphoneos;
				SWIFT_COMPILATION_MODE = wholemodule;
				SWIFT_OPTIMIZATION_LEVEL = "-O";
				VALIDATE_PRODUCT = YES;
			};
			name = Release;
		};
		84DDA51B24D0C9FB007E078A /* Debug */ = {
			isa = XCBuildConfiguration;
			buildSettings = {
				ASSETCATALOG_COMPILER_APPICON_NAME = AppIcon;
				CODE_SIGN_STYLE = Automatic;
				DEVELOPMENT_ASSET_PATHS = "\"Project5WordScramble/Preview Content\"";
				ENABLE_PREVIEWS = YES;
				INFOPLIST_FILE = Project5WordScramble/Info.plist;
				LD_RUNPATH_SEARCH_PATHS = (
					"$(inherited)",
					"@executable_path/Frameworks",
				);
				PRODUCT_BUNDLE_IDENTIFIER = com.technomystic.Project5WordScramble;
				PRODUCT_NAME = "$(TARGET_NAME)";
				SWIFT_VERSION = 5.0;
				TARGETED_DEVICE_FAMILY = "1,2";
			};
			name = Debug;
		};
		84DDA51C24D0C9FB007E078A /* Release */ = {
			isa = XCBuildConfiguration;
			buildSettings = {
				ASSETCATALOG_COMPILER_APPICON_NAME = AppIcon;
				CODE_SIGN_STYLE = Automatic;
				DEVELOPMENT_ASSET_PATHS = "\"Project5WordScramble/Preview Content\"";
				ENABLE_PREVIEWS = YES;
				INFOPLIST_FILE = Project5WordScramble/Info.plist;
				LD_RUNPATH_SEARCH_PATHS = (
					"$(inherited)",
					"@executable_path/Frameworks",
				);
				PRODUCT_BUNDLE_IDENTIFIER = com.technomystic.Project5WordScramble;
				PRODUCT_NAME = "$(TARGET_NAME)";
				SWIFT_VERSION = 5.0;
				TARGETED_DEVICE_FAMILY = "1,2";
			};
			name = Release;
		};
		84DDA51E24D0C9FB007E078A /* Debug */ = {
			isa = XCBuildConfiguration;
			buildSettings = {
				ALWAYS_EMBED_SWIFT_STANDARD_LIBRARIES = YES;
				BUNDLE_LOADER = "$(TEST_HOST)";
				CODE_SIGN_STYLE = Automatic;
				INFOPLIST_FILE = Project5WordScrambleTests/Info.plist;
				IPHONEOS_DEPLOYMENT_TARGET = 13.2;
				LD_RUNPATH_SEARCH_PATHS = (
					"$(inherited)",
					"@executable_path/Frameworks",
					"@loader_path/Frameworks",
				);
				PRODUCT_BUNDLE_IDENTIFIER = com.technomystic.Project5WordScrambleTests;
				PRODUCT_NAME = "$(TARGET_NAME)";
				SWIFT_VERSION = 5.0;
				TARGETED_DEVICE_FAMILY = "1,2";
				TEST_HOST = "$(BUILT_PRODUCTS_DIR)/Project5WordScramble.app/Project5WordScramble";
			};
			name = Debug;
		};
		84DDA51F24D0C9FB007E078A /* Release */ = {
			isa = XCBuildConfiguration;
			buildSettings = {
				ALWAYS_EMBED_SWIFT_STANDARD_LIBRARIES = YES;
				BUNDLE_LOADER = "$(TEST_HOST)";
				CODE_SIGN_STYLE = Automatic;
				INFOPLIST_FILE = Project5WordScrambleTests/Info.plist;
				IPHONEOS_DEPLOYMENT_TARGET = 13.2;
				LD_RUNPATH_SEARCH_PATHS = (
					"$(inherited)",
					"@executable_path/Frameworks",
					"@loader_path/Frameworks",
				);
				PRODUCT_BUNDLE_IDENTIFIER = com.technomystic.Project5WordScrambleTests;
				PRODUCT_NAME = "$(TARGET_NAME)";
				SWIFT_VERSION = 5.0;
				TARGETED_DEVICE_FAMILY = "1,2";
				TEST_HOST = "$(BUILT_PRODUCTS_DIR)/Project5WordScramble.app/Project5WordScramble";
			};
			name = Release;
		};
/* End XCBuildConfiguration section */

/* Begin XCConfigurationList section */
		84DDA4F624D0C9F9007E078A /* Build configuration list for PBXProject "Project5WordScramble" */ = {
			isa = XCConfigurationList;
			buildConfigurations = (
				84DDA51824D0C9FB007E078A /* Debug */,
				84DDA51924D0C9FB007E078A /* Release */,
			);
			defaultConfigurationIsVisible = 0;
			defaultConfigurationName = Release;
		};
		84DDA51A24D0C9FB007E078A /* Build configuration list for PBXNativeTarget "Project5WordScramble" */ = {
			isa = XCConfigurationList;
			buildConfigurations = (
				84DDA51B24D0C9FB007E078A /* Debug */,
				84DDA51C24D0C9FB007E078A /* Release */,
			);
			defaultConfigurationIsVisible = 0;
			defaultConfigurationName = Release;
		};
		84DDA51D24D0C9FB007E078A /* Build configuration list for PBXNativeTarget "Project5WordScrambleTests" */ = {
			isa = XCConfigurationList;
			buildConfigurations = (
				84DDA51E24D0C9FB007E078A /* Debug */,
				84DDA51F24D0C9FB007E078A /* Release */,
			);
			defaultConfigurationIsVisible = 0;
			defaultConfigurationName = Release;
		};
/* End XCConfigurationList section */
	};
	rootObject = 84DDA4F324D0C9F9007E078A /* Project object */;
}
